{
  "name": "npm-simple",
  "version": "1.0.0",
  "lockfileVersion": 3,
  "requires": true,
  "packages": {
    "": {
      "name": "npm-simple",
      "version": "1.0.0",
      "dependencies": {
        "lodash": "^4.17.21"
      }
    },
    "node_modules/lodash": {
      "version": "4.17.21",
      "resolved": "https://registry.npmjs.org/lodash/-/lodash-4.17.21.tgz",
      "integrity": "sha512-v2kDEe57lecTulaDIuNTPy3Ry4gLGJ6Z1O3vE1krgXZNrsQ+LFTGHVxVjcXPs17LhbZkZO9LZ11q7C2kBXMxQ=="
    },
    "node_modules/axios": {
      "version": "0.21.1",
      "resolved": "https://registry.npmjs.org/axios/axios-0.21.1.tgz",
      "integrity": "sha512-v2kDEe57lecTulaDIuNTPdasdasdasdaXZNrsQ+LFTGHVxVjcXPs17LhbZkZO9LZ11q7C2kBXMxQ=="
    }
  }
}
